
Microsoft Visual Studio Solution File, Format Version 11.00
# Visual Studio 2010
Project("{FAE04EC0-301F-11D3-BF4B-00C04F79EFBC}") = "WebServices", "WebServices\WebServices.csproj", "{81D2D74F-2B70-42F5-82E0-8846F0F93880}"
EndProject
Project("{2150E333-8FDC-42A3-9474-1A3956D46DE8}") = "Librerias", "Librerias", "{895A2E63-6EEA-442D-BC01-3073C3088FF9}"
	ProjectSection(SolutionItems) = preProject
		Librerias\Iesi.Collections.dll = Librerias\Iesi.Collections.dll
		Librerias\NHibernate.dll = Librerias\NHibernate.dll
	EndProjectSection
EndProject
Global
	GlobalSection(SolutionConfigurationPlatforms) = preSolution
		Debug|Any CPU = Debug|Any CPU
		Release|Any CPU = Release|Any CPU
	EndGlobalSection
	GlobalSection(ProjectConfigurationPlatforms) = postSolution
		{81D2D74F-2B70-42F5-82E0-8846F0F93880}.Debug|Any CPU.ActiveCfg = Debug|Any CPU
		{81D2D74F-2B70-42F5-82E0-8846F0F93880}.Debug|Any CPU.Build.0 = Debug|Any CPU
		{81D2D74F-2B70-42F5-82E0-8846F0F93880}.Release|Any CPU.ActiveCfg = Release|Any CPU
		{81D2D74F-2B70-42F5-82E0-8846F0F93880}.Release|Any CPU.Build.0 = Release|Any CPU
	EndGlobalSection
	GlobalSection(SolutionProperties) = preSolution
		HideSolutionNode = FALSE
	EndGlobalSection
EndGlobal
